
Microsoft Visual Studio Solution File, Format Version 12.00
# Visual Studio Version 16
VisualStudioVersion = 25.0.1703.5
MinimumVisualStudioVersion = 10.0.40219.1
Project("{FAE04EC0-301F-11D3-BF4B-00C04F79EFBC}") = "RedAlign.Data", "RedAlign.Data.csproj", "{626B050D-03D9-4AFD-AA33-D14BBE01BFB1}"
EndProject
Global
	GlobalSection(SolutionConfigurationPlatforms) = preSolution
		Debug|Any CPU = Debug|Any CPU
		Release|Any CPU = Release|Any CPU
	EndGlobalSection
	GlobalSection(ProjectConfigurationPlatforms) = postSolution
		{626B050D-03D9-4AFD-AA33-D14BBE01BFB1}.Debug|Any CPU.ActiveCfg = Debug|Any CPU
		{626B050D-03D9-4AFD-AA33-D14BBE01BFB1}.Debug|Any CPU.Build.0 = Debug|Any CPU
		{626B050D-03D9-4AFD-AA33-D14BBE01BFB1}.Release|Any CPU.ActiveCfg = Release|Any CPU
		{626B050D-03D9-4AFD-AA33-D14BBE01BFB1}.Release|Any CPU.Build.0 = Release|Any CPU
	EndGlobalSection
	GlobalSection(SolutionProperties) = preSolution
		HideSolutionNode = FALSE
	EndGlobalSection
	GlobalSection(ExtensibilityGlobals) = postSolution
		SolutionGuid = {135A5330-05E5-4632-8DAC-1F758089E380}
	EndGlobalSection
EndGlobal
